
Microsoft Visual Studio Solution File, Format Version 12.00
# Visual Studio Version 17
VisualStudioVersion = 17.11.35312.102
MinimumVisualStudioVersion = 10.0.40219.1
Project("{FAE04EC0-301F-11D3-BF4B-00C04F79EFBC}") = "Calculator", "Calculator\Calculator.csproj", "{509329B9-B2DD-4CFF-9F6B-E475C110E154}"
EndProject
Global
	GlobalSection(SolutionConfigurationPlatforms) = preSolution
		Debug|Any CPU = Debug|Any CPU
		Release|Any CPU = Release|Any CPU
	EndGlobalSection
	GlobalSection(ProjectConfigurationPlatforms) = postSolution
		{509329B9-B2DD-4CFF-9F6B-E475C110E154}.Debug|Any CPU.ActiveCfg = Debug|Any CPU
		{509329B9-B2DD-4CFF-9F6B-E475C110E154}.Debug|Any CPU.Build.0 = Debug|Any CPU
		{509329B9-B2DD-4CFF-9F6B-E475C110E154}.Release|Any CPU.ActiveCfg = Release|Any CPU
		{509329B9-B2DD-4CFF-9F6B-E475C110E154}.Release|Any CPU.Build.0 = Release|Any CPU
	EndGlobalSection
	GlobalSection(SolutionProperties) = preSolution
		HideSolutionNode = FALSE
	EndGlobalSection
	GlobalSection(ExtensibilityGlobals) = postSolution
		SolutionGuid = {214D3CC6-B6A2-4A40-92AF-D7581889D89D}
	EndGlobalSection
EndGlobal
